
Microsoft Visual Studio Solution File, Format Version 12.00
# Visual Studio Version 17
VisualStudioVersion = 17.13.36105.23 d17.13
MinimumVisualStudioVersion = 10.0.40219.1
Project("{FAE04EC0-301F-11D3-BF4B-00C04F79EFBC}") = "MaxApiMy", "MaxApiMy.csproj", "{A5957D62-692C-6D20-E2DC-E40DE83A1DD5}"
EndProject
Global
	GlobalSection(SolutionConfigurationPlatforms) = preSolution
		Debug|Any CPU = Debug|Any CPU
		Release|Any CPU = Release|Any CPU
	EndGlobalSection
	GlobalSection(ProjectConfigurationPlatforms) = postSolution
		{A5957D62-692C-6D20-E2DC-E40DE83A1DD5}.Debug|Any CPU.ActiveCfg = Debug|Any CPU
		{A5957D62-692C-6D20-E2DC-E40DE83A1DD5}.Debug|Any CPU.Build.0 = Debug|Any CPU
		{A5957D62-692C-6D20-E2DC-E40DE83A1DD5}.Release|Any CPU.ActiveCfg = Release|Any CPU
		{A5957D62-692C-6D20-E2DC-E40DE83A1DD5}.Release|Any CPU.Build.0 = Release|Any CPU
	EndGlobalSection
	GlobalSection(SolutionProperties) = preSolution
		HideSolutionNode = FALSE
	EndGlobalSection
	GlobalSection(ExtensibilityGlobals) = postSolution
		SolutionGuid = {AB576F5F-619E-4754-8C80-A3D74CEB924F}
	EndGlobalSection
EndGlobal
